// !$*UTF8*$!
{
	archiveVersion = 1;
	classes = {
	};
	objectVersion = 50;
	objects = {

/* Begin PBXBuildFile section */
		7D75909621825C0800085421 /* AppDelegate.swift in Sources */ = {isa = PBXBuildFile; fileRef = 7D75909521825C0800085421 /* AppDelegate.swift */; };
		7D75909B21825C0800085421 /* Main.storyboard in Resources */ = {isa = PBXBuildFile; fileRef = 7D75909921825C0800085421 /* Main.storyboard */; };
		7D75909D21825C0A00085421 /* Assets.xcassets in Resources */ = {isa = PBXBuildFile; fileRef = 7D75909C21825C0A00085421 /* Assets.xcassets */; };
		7D7590A021825C0A00085421 /* LaunchScreen.storyboard in Resources */ = {isa = PBXBuildFile; fileRef = 7D75909E21825C0A00085421 /* LaunchScreen.storyboard */; };
		7D7590A821825CB100085421 /* MainTabBarController.swift in Sources */ = {isa = PBXBuildFile; fileRef = 7D7590A721825CB100085421 /* MainTabBarController.swift */; };
		7D7590AA21825F2B00085421 /* ClothingTypeCollectionView.swift in Sources */ = {isa = PBXBuildFile; fileRef = 7D7590A921825F2B00085421 /* ClothingTypeCollectionView.swift */; };
		7D7590AC21825F6800085421 /* ClothingTypeDataSource.swift in Sources */ = {isa = PBXBuildFile; fileRef = 7D7590AB21825F6800085421 /* ClothingTypeDataSource.swift */; };
		7D7590AE2182604800085421 /* Clothing.swift in Sources */ = {isa = PBXBuildFile; fileRef = 7D7590AD2182604800085421 /* Clothing.swift */; };
		7D7590B2218261AD00085421 /* ClothingType.swift in Sources */ = {isa = PBXBuildFile; fileRef = 7D7590B1218261AD00085421 /* ClothingType.swift */; };
		7D7590B52182649000085421 /* ClothingTypeCollectionViewCell.swift in Sources */ = {isa = PBXBuildFile; fileRef = 7D7590B32182649000085421 /* ClothingTypeCollectionViewCell.swift */; };
		7D7590B62182649000085421 /* ClothingTypeCollectionViewCell.xib in Resources */ = {isa = PBXBuildFile; fileRef = 7D7590B42182649000085421 /* ClothingTypeCollectionViewCell.xib */; };
/* End PBXBuildFile section */

/* Begin PBXFileReference section */
		7D75909221825C0800085421 /* doesItSmell.app */ = {isa = PBXFileReference; explicitFileType = wrapper.application; includeInIndex = 0; path = doesItSmell.app; sourceTree = BUILT_PRODUCTS_DIR; };
		7D75909521825C0800085421 /* AppDelegate.swift */ = {isa = PBXFileReference; lastKnownFileType = sourcecode.swift; path = AppDelegate.swift; sourceTree = "<group>"; };
		7D75909A21825C0800085421 /* Base */ = {isa = PBXFileReference; lastKnownFileType = file.storyboard; name = Base; path = Base.lproj/Main.storyboard; sourceTree = "<group>"; };
		7D75909C21825C0A00085421 /* Assets.xcassets */ = {isa = PBXFileReference; lastKnownFileType = folder.assetcatalog; path = Assets.xcassets; sourceTree = "<group>"; };
		7D75909F21825C0A00085421 /* Base */ = {isa = PBXFileReference; lastKnownFileType = file.storyboard; name = Base; path = Base.lproj/LaunchScreen.storyboard; sourceTree = "<group>"; };
		7D7590A121825C0A00085421 /* Info.plist */ = {isa = PBXFileReference; lastKnownFileType = text.plist.xml; path = Info.plist; sourceTree = "<group>"; };
		7D7590A721825CB100085421 /* MainTabBarController.swift */ = {isa = PBXFileReference; lastKnownFileType = sourcecode.swift; path = MainTabBarController.swift; sourceTree = "<group>"; };
		7D7590A921825F2B00085421 /* ClothingTypeCollectionView.swift */ = {isa = PBXFileReference; lastKnownFileType = sourcecode.swift; path = ClothingTypeCollectionView.swift; sourceTree = "<group>"; };
		7D7590AB21825F6800085421 /* ClothingTypeDataSource.swift */ = {isa = PBXFileReference; lastKnownFileType = sourcecode.swift; path = ClothingTypeDataSource.swift; sourceTree = "<group>"; };
		7D7590AD2182604800085421 /* Clothing.swift */ = {isa = PBXFileReference; lastKnownFileType = sourcecode.swift; path = Clothing.swift; sourceTree = "<group>"; };
		7D7590B1218261AD00085421 /* ClothingType.swift */ = {isa = PBXFileReference; lastKnownFileType = sourcecode.swift; path = ClothingType.swift; sourceTree = "<group>"; };
		7D7590B32182649000085421 /* ClothingTypeCollectionViewCell.swift */ = {isa = PBXFileReference; lastKnownFileType = sourcecode.swift; path = ClothingTypeCollectionViewCell.swift; sourceTree = "<group>"; };
		7D7590B42182649000085421 /* ClothingTypeCollectionViewCell.xib */ = {isa = PBXFileReference; lastKnownFileType = file.xib; path = ClothingTypeCollectionViewCell.xib; sourceTree = "<group>"; };
/* End PBXFileReference section */

/* Begin PBXFrameworksBuildPhase section */
		7D75908F21825C0800085421 /* Frameworks */ = {
			isa = PBXFrameworksBuildPhase;
			buildActionMask = 2147483647;
			files = (
			);
			runOnlyForDeploymentPostprocessing = 0;
		};
/* End PBXFrameworksBuildPhase section */

/* Begin PBXGroup section */
		7D75908921825C0800085421 = {
			isa = PBXGroup;
			children = (
				7D75909421825C0800085421 /* doesItSmell */,
				7D75909321825C0800085421 /* Products */,
			);
			sourceTree = "<group>";
		};
		7D75909321825C0800085421 /* Products */ = {
			isa = PBXGroup;
			children = (
				7D75909221825C0800085421 /* doesItSmell.app */,
			);
			name = Products;
			sourceTree = "<group>";
		};
		7D75909421825C0800085421 /* doesItSmell */ = {
			isa = PBXGroup;
			children = (
				7D75909521825C0800085421 /* AppDelegate.swift */,
				7D7590A721825CB100085421 /* MainTabBarController.swift */,
				7D7590AD2182604800085421 /* Clothing.swift */,
				7D7590B02182609500085421 /* Clothing Type */,
				7D75909921825C0800085421 /* Main.storyboard */,
				7D75909C21825C0A00085421 /* Assets.xcassets */,
				7D75909E21825C0A00085421 /* LaunchScreen.storyboard */,
				7D7590A121825C0A00085421 /* Info.plist */,
			);
			path = doesItSmell;
			sourceTree = "<group>";
		};
		7D7590AF2182608E00085421 /* Model */ = {
			isa = PBXGroup;
			children = (
				7D7590B1218261AD00085421 /* ClothingType.swift */,
				7D7590AB21825F6800085421 /* ClothingTypeDataSource.swift */,
			);
			path = Model;
			sourceTree = "<group>";
		};
		7D7590B02182609500085421 /* Clothing Type */ = {
			isa = PBXGroup;
			children = (
				7D7590AF2182608E00085421 /* Model */,
				7D7590B72182676A00085421 /* View */,
				7D7590B82182677200085421 /* Controller */,
			);
			path = "Clothing Type";
			sourceTree = "<group>";
		};
		7D7590B72182676A00085421 /* View */ = {
			isa = PBXGroup;
			children = (
				7D7590B32182649000085421 /* ClothingTypeCollectionViewCell.swift */,
				7D7590B42182649000085421 /* ClothingTypeCollectionViewCell.xib */,
			);
			path = View;
			sourceTree = "<group>";
		};
		7D7590B82182677200085421 /* Controller */ = {
			isa = PBXGroup;
			children = (
				7D7590A921825F2B00085421 /* ClothingTypeCollectionView.swift */,
			);
			path = Controller;
			sourceTree = "<group>";
		};
/* End PBXGroup section */

/* Begin PBXNativeTarget section */
		7D75909121825C0800085421 /* doesItSmell */ = {
			isa = PBXNativeTarget;
			buildConfigurationList = 7D7590A421825C0A00085421 /* Build configuration list for PBXNativeTarget "doesItSmell" */;
			buildPhases = (
				7D75908E21825C0800085421 /* Sources */,
				7D75908F21825C0800085421 /* Frameworks */,
				7D75909021825C0800085421 /* Resources */,
			);
			buildRules = (
			);
			dependencies = (
			);
			name = doesItSmell;
			productName = doesItSmell;
			productReference = 7D75909221825C0800085421 /* doesItSmell.app */;
			productType = "com.apple.product-type.application";
		};
/* End PBXNativeTarget section */

/* Begin PBXProject section */
		7D75908A21825C0800085421 /* Project object */ = {
			isa = PBXProject;
			attributes = {
				LastSwiftUpdateCheck = 1000;
				LastUpgradeCheck = 1000;
				ORGANIZATIONNAME = "Jason Ngo";
				TargetAttributes = {
					7D75909121825C0800085421 = {
						CreatedOnToolsVersion = 10.0;
					};
				};
			};
			buildConfigurationList = 7D75908D21825C0800085421 /* Build configuration list for PBXProject "doesItSmell" */;
			compatibilityVersion = "Xcode 9.3";
			developmentRegion = en;
			hasScannedForEncodings = 0;
			knownRegions = (
				en,
				Base,
			);
			mainGroup = 7D75908921825C0800085421;
			productRefGroup = 7D75909321825C0800085421 /* Products */;
			projectDirPath = "";
			projectRoot = "";
			targets = (
				7D75909121825C0800085421 /* doesItSmell */,
			);
		};
/* End PBXProject section */

/* Begin PBXResourcesBuildPhase section */
		7D75909021825C0800085421 /* Resources */ = {
			isa = PBXResourcesBuildPhase;
			buildActionMask = 2147483647;
			files = (
				7D7590B62182649000085421 /* ClothingTypeCollectionViewCell.xib in Resources */,
				7D7590A021825C0A00085421 /* LaunchScreen.storyboard in Resources */,
				7D75909D21825C0A00085421 /* Assets.xcassets in Resources */,
				7D75909B21825C0800085421 /* Main.storyboard in Resources */,
			);
			runOnlyForDeploymentPostprocessing = 0;
		};
/* End PBXResourcesBuildPhase section */

/* Begin PBXSourcesBuildPhase section */
		7D75908E21825C0800085421 /* Sources */ = {
			isa = PBXSourcesBuildPhase;
			buildActionMask = 2147483647;
			files = (
				7D7590AA21825F2B00085421 /* ClothingTypeCollectionView.swift in Sources */,
				7D75909621825C0800085421 /* AppDelegate.swift in Sources */,
				7D7590AE2182604800085421 /* Clothing.swift in Sources */,
				7D7590B52182649000085421 /* ClothingTypeCollectionViewCell.swift in Sources */,
				7D7590A821825CB100085421 /* MainTabBarController.swift in Sources */,
				7D7590AC21825F6800085421 /* ClothingTypeDataSource.swift in Sources */,
				7D7590B2218261AD00085421 /* ClothingType.swift in Sources */,
			);
			runOnlyForDeploymentPostprocessing = 0;
		};
/* End PBXSourcesBuildPhase section */

/* Begin PBXVariantGroup section */
		7D75909921825C0800085421 /* Main.storyboard */ = {
			isa = PBXVariantGroup;
			children = (
				7D75909A21825C0800085421 /* Base */,
			);
			name = Main.storyboard;
			sourceTree = "<group>";
		};
		7D75909E21825C0A00085421 /* LaunchScreen.storyboard */ = {
			isa = PBXVariantGroup;
			children = (
				7D75909F21825C0A00085421 /* Base */,
			);
			name = LaunchScreen.storyboard;
			sourceTree = "<group>";
		};
/* End PBXVariantGroup section */

/* Begin XCBuildConfiguration section */
		7D7590A221825C0A00085421 /* Debug */ = {
			isa = XCBuildConfiguration;
			buildSettings = {
				ALWAYS_SEARCH_USER_PATHS = NO;
				CLANG_ANALYZER_NONNULL = YES;
				CLANG_ANALYZER_NUMBER_OBJECT_CONVERSION = YES_AGGRESSIVE;
				CLANG_CXX_LANGUAGE_STANDARD = "gnu++14";
				CLANG_CXX_LIBRARY = "libc++";
				CLANG_ENABLE_MODULES = YES;
				CLANG_ENABLE_OBJC_ARC = YES;
				CLANG_ENABLE_OBJC_WEAK = YES;
				CLANG_WARN_BLOCK_CAPTURE_AUTORELEASING = YES;
				CLANG_WARN_BOOL_CONVERSION = YES;
				CLANG_WARN_COMMA = YES;
				CLANG_WARN_CONSTANT_CONVERSION = YES;
				CLANG_WARN_DEPRECATED_OBJC_IMPLEMENTATIONS = YES;
				CLANG_WARN_DIRECT_OBJC_ISA_USAGE = YES_ERROR;
				CLANG_WARN_DOCUMENTATION_COMMENTS = YES;
				CLANG_WARN_EMPTY_BODY = YES;
				CLANG_WARN_ENUM_CONVERSION = YES;
				CLANG_WARN_INFINITE_RECURSION = YES;
				CLANG_WARN_INT_CONVERSION = YES;
				CLANG_WARN_NON_LITERAL_NULL_CONVERSION = YES;
				CLANG_WARN_OBJC_IMPLICIT_RETAIN_SELF = YES;
				CLANG_WARN_OBJC_LITERAL_CONVERSION = YES;
				CLANG_WARN_OBJC_ROOT_CLASS = YES_ERROR;
				CLANG_WARN_RANGE_LOOP_ANALYSIS = YES;
				CLANG_WARN_STRICT_PROTOTYPES = YES;
				CLANG_WARN_SUSPICIOUS_MOVE = YES;
				CLANG_WARN_UNGUARDED_AVAILABILITY = YES_AGGRESSIVE;
				CLANG_WARN_UNREACHABLE_CODE = YES;
				CLANG_WARN__DUPLICATE_METHOD_MATCH = YES;
				CODE_SIGN_IDENTITY = "iPhone Developer";
				COPY_PHASE_STRIP = NO;
				DEBUG_INFORMATION_FORMAT = dwarf;
				ENABLE_STRICT_OBJC_MSGSEND = YES;
				ENABLE_TESTABILITY = YES;
				GCC_C_LANGUAGE_STANDARD = gnu11;
				GCC_DYNAMIC_NO_PIC = NO;
				GCC_NO_COMMON_BLOCKS = YES;
				GCC_OPTIMIZATION_LEVEL = 0;
				GCC_PREPROCESSOR_DEFINITIONS = (
					"DEBUG=1",
					"$(inherited)",
				);
				GCC_WARN_64_TO_32_BIT_CONVERSION = YES;
				GCC_WARN_ABOUT_RETURN_TYPE = YES_ERROR;
				GCC_WARN_UNDECLARED_SELECTOR = YES;
				GCC_WARN_UNINITIALIZED_AUTOS = YES_AGGRESSIVE;
				GCC_WARN_UNUSED_FUNCTION = YES;
				GCC_WARN_UNUSED_VARIABLE = YES;
				IPHONEOS_DEPLOYMENT_TARGET = 12.0;
				MTL_ENABLE_DEBUG_INFO = INCLUDE_SOURCE;
				MTL_FAST_MATH = YES;
				ONLY_ACTIVE_ARCH = YES;
				SDKROOT = iphoneos;
				SWIFT_ACTIVE_COMPILATION_CONDITIONS = DEBUG;
				SWIFT_OPTIMIZATION_LEVEL = "-Onone";
			};
			name = Debug;
		};
		7D7590A321825C0A00085421 /* Release */ = {
			isa = XCBuildConfiguration;
			buildSettings = {
				ALWAYS_SEARCH_USER_PATHS = NO;
				CLANG_ANALYZER_NONNULL = YES;
				CLANG_ANALYZER_NUMBER_OBJECT_CONVERSION = YES_AGGRESSIVE;
				CLANG_CXX_LANGUAGE_STANDARD = "gnu++14";
				CLANG_CXX_LIBRARY = "libc++";
				CLANG_ENABLE_MODULES = YES;
				CLANG_ENABLE_OBJC_ARC = YES;
				CLANG_ENABLE_OBJC_WEAK = YES;
				CLANG_WARN_BLOCK_CAPTURE_AUTORELEASING = YES;
				CLANG_WARN_BOOL_CONVERSION = YES;
				CLANG_WARN_COMMA = YES;
				CLANG_WARN_CONSTANT_CONVERSION = YES;
				CLANG_WARN_DEPRECATED_OBJC_IMPLEMENTATIONS = YES;
				CLANG_WARN_DIRECT_OBJC_ISA_USAGE = YES_ERROR;
				CLANG_WARN_DOCUMENTATION_COMMENTS = YES;
				CLANG_WARN_EMPTY_BODY = YES;
				CLANG_WARN_ENUM_CONVERSION = YES;
				CLANG_WARN_INFINITE_RECURSION = YES;
				CLANG_WARN_INT_CONVERSION = YES;
				CLANG_WARN_NON_LITERAL_NULL_CONVERSION = YES;
				CLANG_WARN_OBJC_IMPLICIT_RETAIN_SELF = YES;
				CLANG_WARN_OBJC_LITERAL_CONVERSION = YES;
				CLANG_WARN_OBJC_ROOT_CLASS = YES_ERROR;
				CLANG_WARN_RANGE_LOOP_ANALYSIS = YES;
				CLANG_WARN_STRICT_PROTOTYPES = YES;
				CLANG_WARN_SUSPICIOUS_MOVE = YES;
				CLANG_WARN_UNGUARDED_AVAILABILITY = YES_AGGRESSIVE;
				CLANG_WARN_UNREACHABLE_CODE = YES;
				CLANG_WARN__DUPLICATE_METHOD_MATCH = YES;
				CODE_SIGN_IDENTITY = "iPhone Developer";
				COPY_PHASE_STRIP = NO;
				DEBUG_INFORMATION_FORMAT = "dwarf-with-dsym";
				ENABLE_NS_ASSERTIONS = NO;
				ENABLE_STRICT_OBJC_MSGSEND = YES;
				GCC_C_LANGUAGE_STANDARD = gnu11;
				GCC_NO_COMMON_BLOCKS = YES;
				GCC_WARN_64_TO_32_BIT_CONVERSION = YES;
				GCC_WARN_ABOUT_RETURN_TYPE = YES_ERROR;
				GCC_WARN_UNDECLARED_SELECTOR = YES;
				GCC_WARN_UNINITIALIZED_AUTOS = YES_AGGRESSIVE;
				GCC_WARN_UNUSED_FUNCTION = YES;
				GCC_WARN_UNUSED_VARIABLE = YES;
				IPHONEOS_DEPLOYMENT_TARGET = 12.0;
				MTL_ENABLE_DEBUG_INFO = NO;
				MTL_FAST_MATH = YES;
				SDKROOT = iphoneos;
				SWIFT_COMPILATION_MODE = wholemodule;
				SWIFT_OPTIMIZATION_LEVEL = "-O";
				VALIDATE_PRODUCT = YES;
			};
			name = Release;
		};
		7D7590A521825C0A00085421 /* Debug */ = {
			isa = XCBuildConfiguration;
			buildSettings = {
				ASSETCATALOG_COMPILER_APPICON_NAME = AppIcon;
				CODE_SIGN_STYLE = Automatic;
				DEVELOPMENT_TEAM = 3TDSAUM76X;
				INFOPLIST_FILE = doesItSmell/Info.plist;
				LD_RUNPATH_SEARCH_PATHS = (
					"$(inherited)",
					"@executable_path/Frameworks",
				);
				PRODUCT_BUNDLE_IDENTIFIER = ngo.jason.doesItSmell;
				PRODUCT_NAME = "$(TARGET_NAME)";
				SWIFT_VERSION = 4.2;
				TARGETED_DEVICE_FAMILY = "1,2";
			};
			name = Debug;
		};
		7D7590A621825C0A00085421 /* Release */ = {
			isa = XCBuildConfiguration;
			buildSettings = {
				ASSETCATALOG_COMPILER_APPICON_NAME = AppIcon;
				CODE_SIGN_STYLE = Automatic;
				DEVELOPMENT_TEAM = 3TDSAUM76X;
				INFOPLIST_FILE = doesItSmell/Info.plist;
				LD_RUNPATH_SEARCH_PATHS = (
					"$(inherited)",
					"@executable_path/Frameworks",
				);
				PRODUCT_BUNDLE_IDENTIFIER = ngo.jason.doesItSmell;
				PRODUCT_NAME = "$(TARGET_NAME)";
				SWIFT_VERSION = 4.2;
				TARGETED_DEVICE_FAMILY = "1,2";
			};
			name = Release;
		};
/* End XCBuildConfiguration section */

/* Begin XCConfigurationList section */
		7D75908D21825C0800085421 /* Build configuration list for PBXProject "doesItSmell" */ = {
			isa = XCConfigurationList;
			buildConfigurations = (
				7D7590A221825C0A00085421 /* Debug */,
				7D7590A321825C0A00085421 /* Release */,
			);
			defaultConfigurationIsVisible = 0;
			defaultConfigurationName = Release;
		};
		7D7590A421825C0A00085421 /* Build configuration list for PBXNativeTarget "doesItSmell" */ = {
			isa = XCConfigurationList;
			buildConfigurations = (
				7D7590A521825C0A00085421 /* Debug */,
				7D7590A621825C0A00085421 /* Release */,
			);
			defaultConfigurationIsVisible = 0;
			defaultConfigurationName = Release;
		};
/* End XCConfigurationList section */
	};
	rootObject = 7D75908A21825C0800085421 /* Project object */;
}
